{
    "name": "dynamics-bc-renumerator",
    "version": "2.2.0",
    "lockfileVersion": 2,
    "requires": true,
    "packages": {
        "": {
            "name": "dynamics-bc-renumerator",
            "version": "2.2.0",
            "license": "ISC",
            "dependencies": {
                "fortah-console-library": "file:../FortahConsoleLibrary",
                "fortah-core-library": "file:../FortahCoreLibrary",
                "fortah-dynamics-library": "file:../FortahDynamicsLibrary",
                "fortah-file-system-library": "file:../FortahFileSystemLibrary",
                "fortah-network-library": "file:../FortahNetworkLibrary",
                "fortah-regex-library": "file:../FortahRegexLibrary",
                "fortah-xml-library": "file:../FortahXmlLibrary"
            }
        },
        "../FortahConsoleLibrary": {
            "name": "fortah-console-library",
            "version": "1.0.0",
            "license": "ISC",
            "dependencies": {
                "fortah-core-library": "file:../FortahCoreLibrary"
            }
        },
        "../FortahCoreLibrary": {
            "name": "fortah-core-library",
            "version": "1.1.1",
            "license": "ISC",
            "dependencies": {
                "uuid": "^8.3.2"
            }
        },
        "../FortahDynamicsLibrary": {
            "name": "fortah-dynamics-library",
            "version": "1.1.0",
            "license": "ISC",
            "dependencies": {
                "fortah-core-library": "file:../FortahCoreLibrary"
            }
        },
        "../FortahFileSystemLibrary": {
            "name": "fortah-file-system-library",
            "version": "1.1.0",
            "license": "ISC",
            "dependencies": {
                "fortah-core-library": "file:../FortahCoreLibrary"
            }
        },
        "../FortahNetworkLibrary": {
            "name": "fortah-network-library",
            "version": "1.1.0",
            "license": "ISC",
            "dependencies": {
                "fortah-core-library": "file:../FortahCoreLibrary"
            }
        },
        "../FortahRegexLibrary": {
            "name": "fortah-regex-library",
            "version": "1.1.0",
            "license": "ISC",
            "dependencies": {
                "fortah-core-library": "file:../FortahCoreLibrary"
            }
        },
        "../FortahXmlLibrary": {
            "name": "fortah-xml-library",
            "version": "1.1.0",
            "license": "ISC",
            "dependencies": {
                "fortah-core-library": "file:../FortahCoreLibrary",
                "xml2js": "^0.4.23"
            }
        },
        "../lib/console-library": {
            "version": "1.0.0",
            "extraneous": true,
            "license": "ISC",
            "dependencies": {
                "core-library": "file:../core-library"
            }
        },
        "../lib/core-library": {
            "version": "1.0.1",
            "extraneous": true,
            "license": "ISC",
            "dependencies": {
                "uuid": "^8.3.2"
            }
        },
        "../lib/dynamics-library": {
            "version": "1.0.0",
            "extraneous": true,
            "license": "ISC",
            "dependencies": {
                "core-library": "file:../core-library"
            }
        },
        "../lib/file-system-library": {
            "version": "1.0.0",
            "extraneous": true,
            "license": "ISC",
            "dependencies": {
                "core-library": "file:../core-library"
            }
        },
        "../lib/network-library": {
            "version": "1.0.0",
            "extraneous": true,
            "license": "ISC",
            "dependencies": {
                "core-library": "file:../core-library"
            }
        },
        "../lib/reg-exp-library": {
            "version": "1.0.0",
            "extraneous": true,
            "license": "ISC",
            "dependencies": {
                "core-library": "file:../core-library"
            }
        },
        "../lib/xml-library": {
            "version": "1.0.0",
            "extraneous": true,
            "license": "ISC",
            "dependencies": {
                "core-library": "file:../core-library",
                "xml2js": "^0.4.23"
            }
        },
        "node_modules/fortah-console-library": {
            "resolved": "../FortahConsoleLibrary",
            "link": true
        },
        "node_modules/fortah-core-library": {
            "resolved": "../FortahCoreLibrary",
            "link": true
        },
        "node_modules/fortah-dynamics-library": {
            "resolved": "../FortahDynamicsLibrary",
            "link": true
        },
        "node_modules/fortah-file-system-library": {
            "resolved": "../FortahFileSystemLibrary",
            "link": true
        },
        "node_modules/fortah-network-library": {
            "resolved": "../FortahNetworkLibrary",
            "link": true
        },
        "node_modules/fortah-regex-library": {
            "resolved": "../FortahRegexLibrary",
            "link": true
        },
        "node_modules/fortah-xml-library": {
            "resolved": "../FortahXmlLibrary",
            "link": true
        }
    },
    "dependencies": {
        "fortah-console-library": {
            "version": "file:../FortahConsoleLibrary",
            "requires": {
                "fortah-core-library": "file:../FortahCoreLibrary"
            }
        },
        "fortah-core-library": {
            "version": "file:../FortahCoreLibrary",
            "requires": {
                "uuid": "^8.3.2"
            }
        },
        "fortah-dynamics-library": {
            "version": "file:../FortahDynamicsLibrary",
            "requires": {
                "fortah-core-library": "file:../FortahCoreLibrary"
            }
        },
        "fortah-file-system-library": {
            "version": "file:../FortahFileSystemLibrary",
            "requires": {
                "fortah-core-library": "file:../FortahCoreLibrary"
            }
        },
        "fortah-network-library": {
            "version": "file:../FortahNetworkLibrary",
            "requires": {
                "fortah-core-library": "file:../FortahCoreLibrary"
            }
        },
        "fortah-regex-library": {
            "version": "file:../FortahRegexLibrary",
            "requires": {
                "fortah-core-library": "file:../FortahCoreLibrary"
            }
        },
        "fortah-xml-library": {
            "version": "file:../FortahXmlLibrary",
            "requires": {
                "fortah-core-library": "file:../FortahCoreLibrary",
                "xml2js": "^0.4.23"
            }
        }
    }
}
