{
    "name": "dynamics-renumberator",
    "version": "2.2.0",
    "lockfileVersion": 2,
    "requires": true,
    "packages": {
        "": {
            "version": "2.2.0",
            "license": "ISC",
            "dependencies": {
                "console-library": "file:../lib/console-library",
                "core-library": "file:../lib/core-library",
                "dynamics-library": "file:../lib/dynamics-library",
                "file-system-library": "file:../lib/file-system-library",
                "network-library": "file:../lib/network-library",
                "reg-exp-library": "file:../lib/reg-exp-library",
                "xml-library": "file:../lib/xml-library"
            }
        },
        "../lib/console-library": {
            "version": "1.0.0",
            "license": "ISC",
            "dependencies": {
                "core-library": "file:../core-library"
            }
        },
        "../lib/core-library": {
            "version": "1.0.1",
            "license": "ISC",
            "dependencies": {
                "uuid": "^8.3.2"
            }
        },
        "../lib/dynamics-library": {
            "version": "1.0.0",
            "license": "ISC",
            "dependencies": {
                "core-library": "file:../core-library"
            }
        },
        "../lib/file-system-library": {
            "version": "1.0.0",
            "license": "ISC",
            "dependencies": {
                "core-library": "file:../core-library"
            }
        },
        "../lib/network-library": {
            "version": "1.0.0",
            "license": "ISC",
            "dependencies": {
                "core-library": "file:../core-library"
            }
        },
        "../lib/reg-exp-library": {
            "version": "1.0.0",
            "license": "ISC",
            "dependencies": {
                "core-library": "file:../core-library"
            }
        },
        "../lib/xml-library": {
            "version": "1.0.0",
            "license": "ISC",
            "dependencies": {
                "core-library": "file:../core-library",
                "xml2js": "^0.4.23"
            }
        },
        "node_modules/console-library": {
            "resolved": "../lib/console-library",
            "link": true
        },
        "node_modules/core-library": {
            "resolved": "../lib/core-library",
            "link": true
        },
        "node_modules/dynamics-library": {
            "resolved": "../lib/dynamics-library",
            "link": true
        },
        "node_modules/file-system-library": {
            "resolved": "../lib/file-system-library",
            "link": true
        },
        "node_modules/network-library": {
            "resolved": "../lib/network-library",
            "link": true
        },
        "node_modules/reg-exp-library": {
            "resolved": "../lib/reg-exp-library",
            "link": true
        },
        "node_modules/xml-library": {
            "resolved": "../lib/xml-library",
            "link": true
        }
    },
    "dependencies": {
        "console-library": {
            "version": "file:../lib/console-library",
            "requires": {
                "core-library": "file:../core-library"
            }
        },
        "core-library": {
            "version": "file:../lib/core-library",
            "requires": {
                "uuid": "^8.3.2"
            }
        },
        "dynamics-library": {
            "version": "file:../lib/dynamics-library",
            "requires": {
                "core-library": "file:../core-library"
            }
        },
        "file-system-library": {
            "version": "file:../lib/file-system-library",
            "requires": {
                "core-library": "file:../core-library"
            }
        },
        "network-library": {
            "version": "file:../lib/network-library",
            "requires": {
                "core-library": "file:../core-library"
            }
        },
        "reg-exp-library": {
            "version": "file:../lib/reg-exp-library",
            "requires": {
                "core-library": "file:../core-library"
            }
        },
        "xml-library": {
            "version": "file:../lib/xml-library",
            "requires": {
                "core-library": "file:../core-library",
                "xml2js": "^0.4.23"
            }
        }
    }
}
